// !$*UTF8*$!
{
	archiveVersion = 1;
	classes = {
	};
	objectVersion = 77;
	objects = {

/* Begin PBXBuildFile section */
		BCAD2DCD2E6DACCA00D5F818 /* voice-recorder-kit in Frameworks */ = {isa = PBXBuildFile; productRef = BCAD2DCC2E6DACCA00D5F818 /* voice-recorder-kit */; };
		BCDBBDE22E6CBA2800C408EC /* AppDelegate.swift in Sources */ = {isa = PBXBuildFile; fileRef = BCDBBDDC2E6CBA2800C408EC /* AppDelegate.swift */; };
		BCDBBDE32E6CBA2800C408EC /* Assets.xcassets in Resources */ = {isa = PBXBuildFile; fileRef = BCDBBDDD2E6CBA2800C408EC /* Assets.xcassets */; };
		BCDBBDE52E6CBA2800C408EC /* LaunchScreen.storyboard in Resources */ = {isa = PBXBuildFile; fileRef = BCDBBDE02E6CBA2800C408EC /* LaunchScreen.storyboard */; };
		BCDBBDF32E6CBA6D00C408EC /* VoiceRecordRouter.swift in Sources */ = {isa = PBXBuildFile; fileRef = BCDBBDEE2E6CBA6D00C408EC /* VoiceRecordRouter.swift */; };
		BCDBBDF42E6CBA6D00C408EC /* VoiceRecordPresenter.swift in Sources */ = {isa = PBXBuildFile; fileRef = BCDBBDEC2E6CBA6D00C408EC /* VoiceRecordPresenter.swift */; };
		BCDBBDF52E6CBA6D00C408EC /* VoiceRecordContract.swift in Sources */ = {isa = PBXBuildFile; fileRef = BCDBBDE82E6CBA6D00C408EC /* VoiceRecordContract.swift */; };
		BCDBBDF62E6CBA6D00C408EC /* VoiceRecordViewController.swift in Sources */ = {isa = PBXBuildFile; fileRef = BCDBBDF12E6CBA6D00C408EC /* VoiceRecordViewController.swift */; };
		BCDBBDF72E6CBA6D00C408EC /* VoiceRecordInteractor.swift in Sources */ = {isa = PBXBuildFile; fileRef = BCDBBDEA2E6CBA6D00C408EC /* VoiceRecordInteractor.swift */; };
		BCDBBDF82E6CBA6D00C408EC /* VoiceRecord.storyboard in Resources */ = {isa = PBXBuildFile; fileRef = BCDBBDF02E6CBA6D00C408EC /* VoiceRecord.storyboard */; };
		BCDBBDFB2E6CBAEA00C408EC /* UIStoryboardExtension.swift in Sources */ = {isa = PBXBuildFile; fileRef = BCDBBDFA2E6CBAEA00C408EC /* UIStoryboardExtension.swift */; };
/* End PBXBuildFile section */

/* Begin PBXFileReference section */
		BCDBBDC42E6CBA0200C408EC /* VoiceRecorderExampleApp.app */ = {isa = PBXFileReference; explicitFileType = wrapper.application; includeInIndex = 0; path = VoiceRecorderExampleApp.app; sourceTree = BUILT_PRODUCTS_DIR; };
		BCDBBDDC2E6CBA2800C408EC /* AppDelegate.swift */ = {isa = PBXFileReference; lastKnownFileType = sourcecode.swift; path = AppDelegate.swift; sourceTree = "<group>"; };
		BCDBBDDD2E6CBA2800C408EC /* Assets.xcassets */ = {isa = PBXFileReference; lastKnownFileType = folder.assetcatalog; path = Assets.xcassets; sourceTree = "<group>"; };
		BCDBBDDE2E6CBA2800C408EC /* Info.plist */ = {isa = PBXFileReference; lastKnownFileType = text.plist.xml; path = Info.plist; sourceTree = "<group>"; };
		BCDBBDDF2E6CBA2800C408EC /* Base */ = {isa = PBXFileReference; lastKnownFileType = file.storyboard; name = Base; path = Base.lproj/LaunchScreen.storyboard; sourceTree = "<group>"; };
		BCDBBDE82E6CBA6D00C408EC /* VoiceRecordContract.swift */ = {isa = PBXFileReference; lastKnownFileType = sourcecode.swift; path = VoiceRecordContract.swift; sourceTree = "<group>"; };
		BCDBBDEA2E6CBA6D00C408EC /* VoiceRecordInteractor.swift */ = {isa = PBXFileReference; lastKnownFileType = sourcecode.swift; path = VoiceRecordInteractor.swift; sourceTree = "<group>"; };
		BCDBBDEC2E6CBA6D00C408EC /* VoiceRecordPresenter.swift */ = {isa = PBXFileReference; lastKnownFileType = sourcecode.swift; path = VoiceRecordPresenter.swift; sourceTree = "<group>"; };
		BCDBBDEE2E6CBA6D00C408EC /* VoiceRecordRouter.swift */ = {isa = PBXFileReference; lastKnownFileType = sourcecode.swift; path = VoiceRecordRouter.swift; sourceTree = "<group>"; };
		BCDBBDF02E6CBA6D00C408EC /* VoiceRecord.storyboard */ = {isa = PBXFileReference; lastKnownFileType = file.storyboard; path = VoiceRecord.storyboard; sourceTree = "<group>"; };
		BCDBBDF12E6CBA6D00C408EC /* VoiceRecordViewController.swift */ = {isa = PBXFileReference; lastKnownFileType = sourcecode.swift; path = VoiceRecordViewController.swift; sourceTree = "<group>"; };
		BCDBBDFA2E6CBAEA00C408EC /* UIStoryboardExtension.swift */ = {isa = PBXFileReference; lastKnownFileType = sourcecode.swift; path = UIStoryboardExtension.swift; sourceTree = "<group>"; };
/* End PBXFileReference section */

/* Begin PBXFrameworksBuildPhase section */
		BCDBBDC12E6CBA0200C408EC /* Frameworks */ = {
			isa = PBXFrameworksBuildPhase;
			buildActionMask = 2147483647;
			files = (
				BCAD2DCD2E6DACCA00D5F818 /* voice-recorder-kit in Frameworks */,
			);
			runOnlyForDeploymentPostprocessing = 0;
		};
/* End PBXFrameworksBuildPhase section */

/* Begin PBXGroup section */
		BCDBBDBB2E6CBA0200C408EC = {
			isa = PBXGroup;
			children = (
				BCDBBDE12E6CBA2800C408EC /* VoiceRecorderExampleApp */,
				BCDBBDC52E6CBA0200C408EC /* Products */,
			);
			sourceTree = "<group>";
		};
		BCDBBDC52E6CBA0200C408EC /* Products */ = {
			isa = PBXGroup;
			children = (
				BCDBBDC42E6CBA0200C408EC /* VoiceRecorderExampleApp.app */,
			);
			name = Products;
			sourceTree = "<group>";
		};
		BCDBBDE12E6CBA2800C408EC /* VoiceRecorderExampleApp */ = {
			isa = PBXGroup;
			children = (
				BCDBBDF92E6CBABD00C408EC /* Extension */,
				BCDBBDE72E6CBA5800C408EC /* Voice Record */,
				BCDBBDDE2E6CBA2800C408EC /* Info.plist */,
				BCDBBDDC2E6CBA2800C408EC /* AppDelegate.swift */,
				BCDBBDE62E6CBA2D00C408EC /* Resources */,
			);
			path = VoiceRecorderExampleApp;
			sourceTree = "<group>";
		};
		BCDBBDE62E6CBA2D00C408EC /* Resources */ = {
			isa = PBXGroup;
			children = (
				BCDBBDDD2E6CBA2800C408EC /* Assets.xcassets */,
				BCDBBDE02E6CBA2800C408EC /* LaunchScreen.storyboard */,
			);
			path = Resources;
			sourceTree = "<group>";
		};
		BCDBBDE72E6CBA5800C408EC /* Voice Record */ = {
			isa = PBXGroup;
			children = (
				BCDBBDE92E6CBA6D00C408EC /* Contract */,
				BCDBBDEB2E6CBA6D00C408EC /* Interactor */,
				BCDBBDED2E6CBA6D00C408EC /* Presenter */,
				BCDBBDEF2E6CBA6D00C408EC /* Router */,
				BCDBBDF22E6CBA6D00C408EC /* View */,
			);
			path = "Voice Record";
			sourceTree = "<group>";
		};
		BCDBBDE92E6CBA6D00C408EC /* Contract */ = {
			isa = PBXGroup;
			children = (
				BCDBBDE82E6CBA6D00C408EC /* VoiceRecordContract.swift */,
			);
			path = Contract;
			sourceTree = "<group>";
		};
		BCDBBDEB2E6CBA6D00C408EC /* Interactor */ = {
			isa = PBXGroup;
			children = (
				BCDBBDEA2E6CBA6D00C408EC /* VoiceRecordInteractor.swift */,
			);
			path = Interactor;
			sourceTree = "<group>";
		};
		BCDBBDED2E6CBA6D00C408EC /* Presenter */ = {
			isa = PBXGroup;
			children = (
				BCDBBDEC2E6CBA6D00C408EC /* VoiceRecordPresenter.swift */,
			);
			path = Presenter;
			sourceTree = "<group>";
		};
		BCDBBDEF2E6CBA6D00C408EC /* Router */ = {
			isa = PBXGroup;
			children = (
				BCDBBDEE2E6CBA6D00C408EC /* VoiceRecordRouter.swift */,
			);
			path = Router;
			sourceTree = "<group>";
		};
		BCDBBDF22E6CBA6D00C408EC /* View */ = {
			isa = PBXGroup;
			children = (
				BCDBBDF02E6CBA6D00C408EC /* VoiceRecord.storyboard */,
				BCDBBDF12E6CBA6D00C408EC /* VoiceRecordViewController.swift */,
			);
			path = View;
			sourceTree = "<group>";
		};
		BCDBBDF92E6CBABD00C408EC /* Extension */ = {
			isa = PBXGroup;
			children = (
				BCDBBDFA2E6CBAEA00C408EC /* UIStoryboardExtension.swift */,
			);
			path = Extension;
			sourceTree = "<group>";
		};
/* End PBXGroup section */

/* Begin PBXNativeTarget section */
		BCDBBDC32E6CBA0200C408EC /* VoiceRecorderExampleApp */ = {
			isa = PBXNativeTarget;
			buildConfigurationList = BCDBBDD72E6CBA0300C408EC /* Build configuration list for PBXNativeTarget "VoiceRecorderExampleApp" */;
			buildPhases = (
				BCDBBDC02E6CBA0200C408EC /* Sources */,
				BCDBBDC12E6CBA0200C408EC /* Frameworks */,
				BCDBBDC22E6CBA0200C408EC /* Resources */,
			);
			buildRules = (
			);
			dependencies = (
			);
			name = VoiceRecorderExampleApp;
			packageProductDependencies = (
				BCAD2DCC2E6DACCA00D5F818 /* voice-recorder-kit */,
			);
			productName = VoiceRecorderExampleApp;
			productReference = BCDBBDC42E6CBA0200C408EC /* VoiceRecorderExampleApp.app */;
			productType = "com.apple.product-type.application";
		};
/* End PBXNativeTarget section */

/* Begin PBXProject section */
		BCDBBDBC2E6CBA0200C408EC /* Project object */ = {
			isa = PBXProject;
			attributes = {
				BuildIndependentTargetsInParallel = 1;
				LastSwiftUpdateCheck = 1630;
				LastUpgradeCheck = 1630;
				TargetAttributes = {
					BCDBBDC32E6CBA0200C408EC = {
						CreatedOnToolsVersion = 16.3;
					};
				};
			};
			buildConfigurationList = BCDBBDBF2E6CBA0200C408EC /* Build configuration list for PBXProject "VoiceRecorderExampleApp" */;
			developmentRegion = en;
			hasScannedForEncodings = 0;
			knownRegions = (
				en,
				Base,
			);
			mainGroup = BCDBBDBB2E6CBA0200C408EC;
			minimizedProjectReferenceProxies = 1;
			packageReferences = (
				BCAD2DCB2E6DACCA00D5F818 /* XCRemoteSwiftPackageReference "voice-recorder-kit" */,
			);
			preferredProjectObjectVersion = 77;
			productRefGroup = BCDBBDC52E6CBA0200C408EC /* Products */;
			projectDirPath = "";
			projectRoot = "";
			targets = (
				BCDBBDC32E6CBA0200C408EC /* VoiceRecorderExampleApp */,
			);
		};
/* End PBXProject section */

/* Begin PBXResourcesBuildPhase section */
		BCDBBDC22E6CBA0200C408EC /* Resources */ = {
			isa = PBXResourcesBuildPhase;
			buildActionMask = 2147483647;
			files = (
				BCDBBDE32E6CBA2800C408EC /* Assets.xcassets in Resources */,
				BCDBBDF82E6CBA6D00C408EC /* VoiceRecord.storyboard in Resources */,
				BCDBBDE52E6CBA2800C408EC /* LaunchScreen.storyboard in Resources */,
			);
			runOnlyForDeploymentPostprocessing = 0;
		};
/* End PBXResourcesBuildPhase section */

/* Begin PBXSourcesBuildPhase section */
		BCDBBDC02E6CBA0200C408EC /* Sources */ = {
			isa = PBXSourcesBuildPhase;
			buildActionMask = 2147483647;
			files = (
				BCDBBDE22E6CBA2800C408EC /* AppDelegate.swift in Sources */,
				BCDBBDF32E6CBA6D00C408EC /* VoiceRecordRouter.swift in Sources */,
				BCDBBDF42E6CBA6D00C408EC /* VoiceRecordPresenter.swift in Sources */,
				BCDBBDF52E6CBA6D00C408EC /* VoiceRecordContract.swift in Sources */,
				BCDBBDF62E6CBA6D00C408EC /* VoiceRecordViewController.swift in Sources */,
				BCDBBDF72E6CBA6D00C408EC /* VoiceRecordInteractor.swift in Sources */,
				BCDBBDFB2E6CBAEA00C408EC /* UIStoryboardExtension.swift in Sources */,
			);
			runOnlyForDeploymentPostprocessing = 0;
		};
/* End PBXSourcesBuildPhase section */

/* Begin PBXVariantGroup section */
		BCDBBDE02E6CBA2800C408EC /* LaunchScreen.storyboard */ = {
			isa = PBXVariantGroup;
			children = (
				BCDBBDDF2E6CBA2800C408EC /* Base */,
			);
			name = LaunchScreen.storyboard;
			sourceTree = "<group>";
		};
/* End PBXVariantGroup section */

/* Begin XCBuildConfiguration section */
		BCDBBDD82E6CBA0300C408EC /* Debug */ = {
			isa = XCBuildConfiguration;
			buildSettings = {
				ASSETCATALOG_COMPILER_APPICON_NAME = AppIcon;
				ASSETCATALOG_COMPILER_GLOBAL_ACCENT_COLOR_NAME = AccentColor;
				CODE_SIGN_STYLE = Automatic;
				CURRENT_PROJECT_VERSION = 1;
				DEVELOPMENT_TEAM = 68CP6352LH;
				GENERATE_INFOPLIST_FILE = YES;
				INFOPLIST_FILE = VoiceRecorderExampleApp/Info.plist;
				INFOPLIST_KEY_NSMicrophoneUsageDescription = "Access to your microphone to allow you to record voice within the app.";
				INFOPLIST_KEY_NSSpeechRecognitionUsageDescription = "Access to your microphone to allow you to record voice within the app.";
				INFOPLIST_KEY_UIApplicationSupportsIndirectInputEvents = YES;
				INFOPLIST_KEY_UILaunchStoryboardName = LaunchScreen;
				INFOPLIST_KEY_UIMainStoryboardFile = VoiceRecord;
				INFOPLIST_KEY_UISupportedInterfaceOrientations_iPad = "UIInterfaceOrientationPortrait UIInterfaceOrientationPortraitUpsideDown UIInterfaceOrientationLandscapeLeft UIInterfaceOrientationLandscapeRight";
				INFOPLIST_KEY_UISupportedInterfaceOrientations_iPhone = "UIInterfaceOrientationPortrait UIInterfaceOrientationLandscapeLeft UIInterfaceOrientationLandscapeRight";
				LD_RUNPATH_SEARCH_PATHS = (
					"$(inherited)",
					"@executable_path/Frameworks",
				);
				MARKETING_VERSION = 1.0;
				PRODUCT_BUNDLE_IDENTIFIER = com.berkenOzbek.VoiceRecorderExampleApp;
				PRODUCT_NAME = "$(TARGET_NAME)";
				SWIFT_EMIT_LOC_STRINGS = YES;
				SWIFT_VERSION = 5.0;
				TARGETED_DEVICE_FAMILY = "1,2";
			};
			name = Debug;
		};
		BCDBBDD92E6CBA0300C408EC /* Release */ = {
			isa = XCBuildConfiguration;
			buildSettings = {
				ASSETCATALOG_COMPILER_APPICON_NAME = AppIcon;
				ASSETCATALOG_COMPILER_GLOBAL_ACCENT_COLOR_NAME = AccentColor;
				CODE_SIGN_STYLE = Automatic;
				CURRENT_PROJECT_VERSION = 1;
				DEVELOPMENT_TEAM = 68CP6352LH;
				GENERATE_INFOPLIST_FILE = YES;
				INFOPLIST_FILE = VoiceRecorderExampleApp/Info.plist;
				INFOPLIST_KEY_NSMicrophoneUsageDescription = "Access to your microphone to allow you to record voice within the app.";
				INFOPLIST_KEY_NSSpeechRecognitionUsageDescription = "Access to your microphone to allow you to record voice within the app.";
				INFOPLIST_KEY_UIApplicationSupportsIndirectInputEvents = YES;
				INFOPLIST_KEY_UILaunchStoryboardName = LaunchScreen;
				INFOPLIST_KEY_UIMainStoryboardFile = VoiceRecord;
				INFOPLIST_KEY_UISupportedInterfaceOrientations_iPad = "UIInterfaceOrientationPortrait UIInterfaceOrientationPortraitUpsideDown UIInterfaceOrientationLandscapeLeft UIInterfaceOrientationLandscapeRight";
				INFOPLIST_KEY_UISupportedInterfaceOrientations_iPhone = "UIInterfaceOrientationPortrait UIInterfaceOrientationLandscapeLeft UIInterfaceOrientationLandscapeRight";
				LD_RUNPATH_SEARCH_PATHS = (
					"$(inherited)",
					"@executable_path/Frameworks",
				);
				MARKETING_VERSION = 1.0;
				PRODUCT_BUNDLE_IDENTIFIER = com.berkenOzbek.VoiceRecorderExampleApp;
				PRODUCT_NAME = "$(TARGET_NAME)";
				SWIFT_EMIT_LOC_STRINGS = YES;
				SWIFT_VERSION = 5.0;
				TARGETED_DEVICE_FAMILY = "1,2";
			};
			name = Release;
		};
		BCDBBDDA2E6CBA0300C408EC /* Debug */ = {
			isa = XCBuildConfiguration;
			buildSettings = {
				ALWAYS_SEARCH_USER_PATHS = NO;
				ASSETCATALOG_COMPILER_GENERATE_SWIFT_ASSET_SYMBOL_EXTENSIONS = YES;
				CLANG_ANALYZER_NONNULL = YES;
				CLANG_ANALYZER_NUMBER_OBJECT_CONVERSION = YES_AGGRESSIVE;
				CLANG_CXX_LANGUAGE_STANDARD = "gnu++20";
				CLANG_ENABLE_MODULES = YES;
				CLANG_ENABLE_OBJC_ARC = YES;
				CLANG_ENABLE_OBJC_WEAK = YES;
				CLANG_WARN_BLOCK_CAPTURE_AUTORELEASING = YES;
				CLANG_WARN_BOOL_CONVERSION = YES;
				CLANG_WARN_COMMA = YES;
				CLANG_WARN_CONSTANT_CONVERSION = YES;
				CLANG_WARN_DEPRECATED_OBJC_IMPLEMENTATIONS = YES;
				CLANG_WARN_DIRECT_OBJC_ISA_USAGE = YES_ERROR;
				CLANG_WARN_DOCUMENTATION_COMMENTS = YES;
				CLANG_WARN_EMPTY_BODY = YES;
				CLANG_WARN_ENUM_CONVERSION = YES;
				CLANG_WARN_INFINITE_RECURSION = YES;
				CLANG_WARN_INT_CONVERSION = YES;
				CLANG_WARN_NON_LITERAL_NULL_CONVERSION = YES;
				CLANG_WARN_OBJC_IMPLICIT_RETAIN_SELF = YES;
				CLANG_WARN_OBJC_LITERAL_CONVERSION = YES;
				CLANG_WARN_OBJC_ROOT_CLASS = YES_ERROR;
				CLANG_WARN_QUOTED_INCLUDE_IN_FRAMEWORK_HEADER = YES;
				CLANG_WARN_RANGE_LOOP_ANALYSIS = YES;
				CLANG_WARN_STRICT_PROTOTYPES = YES;
				CLANG_WARN_SUSPICIOUS_MOVE = YES;
				CLANG_WARN_UNGUARDED_AVAILABILITY = YES_AGGRESSIVE;
				CLANG_WARN_UNREACHABLE_CODE = YES;
				CLANG_WARN__DUPLICATE_METHOD_MATCH = YES;
				COPY_PHASE_STRIP = NO;
				DEBUG_INFORMATION_FORMAT = dwarf;
				DEVELOPMENT_TEAM = 68CP6352LH;
				ENABLE_STRICT_OBJC_MSGSEND = YES;
				ENABLE_TESTABILITY = YES;
				ENABLE_USER_SCRIPT_SANDBOXING = YES;
				GCC_C_LANGUAGE_STANDARD = gnu17;
				GCC_DYNAMIC_NO_PIC = NO;
				GCC_NO_COMMON_BLOCKS = YES;
				GCC_OPTIMIZATION_LEVEL = 0;
				GCC_PREPROCESSOR_DEFINITIONS = (
					"DEBUG=1",
					"$(inherited)",
				);
				GCC_WARN_64_TO_32_BIT_CONVERSION = YES;
				GCC_WARN_ABOUT_RETURN_TYPE = YES_ERROR;
				GCC_WARN_UNDECLARED_SELECTOR = YES;
				GCC_WARN_UNINITIALIZED_AUTOS = YES_AGGRESSIVE;
				GCC_WARN_UNUSED_FUNCTION = YES;
				GCC_WARN_UNUSED_VARIABLE = YES;
				IPHONEOS_DEPLOYMENT_TARGET = 18.4;
				LOCALIZATION_PREFERS_STRING_CATALOGS = YES;
				MTL_ENABLE_DEBUG_INFO = INCLUDE_SOURCE;
				MTL_FAST_MATH = YES;
				ONLY_ACTIVE_ARCH = YES;
				SDKROOT = iphoneos;
				SWIFT_ACTIVE_COMPILATION_CONDITIONS = "DEBUG $(inherited)";
				SWIFT_OPTIMIZATION_LEVEL = "-Onone";
			};
			name = Debug;
		};
		BCDBBDDB2E6CBA0300C408EC /* Release */ = {
			isa = XCBuildConfiguration;
			buildSettings = {
				ALWAYS_SEARCH_USER_PATHS = NO;
				ASSETCATALOG_COMPILER_GENERATE_SWIFT_ASSET_SYMBOL_EXTENSIONS = YES;
				CLANG_ANALYZER_NONNULL = YES;
				CLANG_ANALYZER_NUMBER_OBJECT_CONVERSION = YES_AGGRESSIVE;
				CLANG_CXX_LANGUAGE_STANDARD = "gnu++20";
				CLANG_ENABLE_MODULES = YES;
				CLANG_ENABLE_OBJC_ARC = YES;
				CLANG_ENABLE_OBJC_WEAK = YES;
				CLANG_WARN_BLOCK_CAPTURE_AUTORELEASING = YES;
				CLANG_WARN_BOOL_CONVERSION = YES;
				CLANG_WARN_COMMA = YES;
				CLANG_WARN_CONSTANT_CONVERSION = YES;
				CLANG_WARN_DEPRECATED_OBJC_IMPLEMENTATIONS = YES;
				CLANG_WARN_DIRECT_OBJC_ISA_USAGE = YES_ERROR;
				CLANG_WARN_DOCUMENTATION_COMMENTS = YES;
				CLANG_WARN_EMPTY_BODY = YES;
				CLANG_WARN_ENUM_CONVERSION = YES;
				CLANG_WARN_INFINITE_RECURSION = YES;
				CLANG_WARN_INT_CONVERSION = YES;
				CLANG_WARN_NON_LITERAL_NULL_CONVERSION = YES;
				CLANG_WARN_OBJC_IMPLICIT_RETAIN_SELF = YES;
				CLANG_WARN_OBJC_LITERAL_CONVERSION = YES;
				CLANG_WARN_OBJC_ROOT_CLASS = YES_ERROR;
				CLANG_WARN_QUOTED_INCLUDE_IN_FRAMEWORK_HEADER = YES;
				CLANG_WARN_RANGE_LOOP_ANALYSIS = YES;
				CLANG_WARN_STRICT_PROTOTYPES = YES;
				CLANG_WARN_SUSPICIOUS_MOVE = YES;
				CLANG_WARN_UNGUARDED_AVAILABILITY = YES_AGGRESSIVE;
				CLANG_WARN_UNREACHABLE_CODE = YES;
				CLANG_WARN__DUPLICATE_METHOD_MATCH = YES;
				COPY_PHASE_STRIP = NO;
				DEBUG_INFORMATION_FORMAT = "dwarf-with-dsym";
				DEVELOPMENT_TEAM = 68CP6352LH;
				ENABLE_NS_ASSERTIONS = NO;
				ENABLE_STRICT_OBJC_MSGSEND = YES;
				ENABLE_USER_SCRIPT_SANDBOXING = YES;
				GCC_C_LANGUAGE_STANDARD = gnu17;
				GCC_NO_COMMON_BLOCKS = YES;
				GCC_WARN_64_TO_32_BIT_CONVERSION = YES;
				GCC_WARN_ABOUT_RETURN_TYPE = YES_ERROR;
				GCC_WARN_UNDECLARED_SELECTOR = YES;
				GCC_WARN_UNINITIALIZED_AUTOS = YES_AGGRESSIVE;
				GCC_WARN_UNUSED_FUNCTION = YES;
				GCC_WARN_UNUSED_VARIABLE = YES;
				IPHONEOS_DEPLOYMENT_TARGET = 18.4;
				LOCALIZATION_PREFERS_STRING_CATALOGS = YES;
				MTL_ENABLE_DEBUG_INFO = NO;
				MTL_FAST_MATH = YES;
				SDKROOT = iphoneos;
				SWIFT_COMPILATION_MODE = wholemodule;
				VALIDATE_PRODUCT = YES;
			};
			name = Release;
		};
/* End XCBuildConfiguration section */

/* Begin XCConfigurationList section */
		BCDBBDBF2E6CBA0200C408EC /* Build configuration list for PBXProject "VoiceRecorderExampleApp" */ = {
			isa = XCConfigurationList;
			buildConfigurations = (
				BCDBBDDA2E6CBA0300C408EC /* Debug */,
				BCDBBDDB2E6CBA0300C408EC /* Release */,
			);
			defaultConfigurationIsVisible = 0;
			defaultConfigurationName = Release;
		};
		BCDBBDD72E6CBA0300C408EC /* Build configuration list for PBXNativeTarget "VoiceRecorderExampleApp" */ = {
			isa = XCConfigurationList;
			buildConfigurations = (
				BCDBBDD82E6CBA0300C408EC /* Debug */,
				BCDBBDD92E6CBA0300C408EC /* Release */,
			);
			defaultConfigurationIsVisible = 0;
			defaultConfigurationName = Release;
		};
/* End XCConfigurationList section */

/* Begin XCRemoteSwiftPackageReference section */
		BCAD2DCB2E6DACCA00D5F818 /* XCRemoteSwiftPackageReference "voice-recorder-kit" */ = {
			isa = XCRemoteSwiftPackageReference;
			repositoryURL = "https://github.com/berkenOzbek-swift/voice-recorder-kit";
			requirement = {
				kind = upToNextMinorVersion;
				minimumVersion = 1.0.0;
			};
		};
/* End XCRemoteSwiftPackageReference section */

/* Begin XCSwiftPackageProductDependency section */
		BCAD2DCC2E6DACCA00D5F818 /* voice-recorder-kit */ = {
			isa = XCSwiftPackageProductDependency;
			package = BCAD2DCB2E6DACCA00D5F818 /* XCRemoteSwiftPackageReference "voice-recorder-kit" */;
			productName = "voice-recorder-kit";
		};
/* End XCSwiftPackageProductDependency section */
	};
	rootObject = BCDBBDBC2E6CBA0200C408EC /* Project object */;
}
